{
  "requires": true,
  "lockfileVersion": 1,
  "dependencies": {
    "fs": {
      "version": "0.0.1-security",
      "resolved": "https://registry.npmjs.org/fs/-/fs-0.0.1-security.tgz",
      "integrity": "sha1-invTcYa23d84E/I4WLV+yq9eQdQ="
    },
    "hilbert": {
      "version": "2.0.0",
      "resolved": "https://registry.npmjs.org/hilbert/-/hilbert-2.0.0.tgz",
      "integrity": "sha1-VG99iyj4UdKddET5VLPOiWTbX4U="
    }
  }
}
